
Microsoft Visual Studio Solution File, Format Version 12.00
# Visual Studio Version 17
VisualStudioVersion = 17.0.31903.59
MinimumVisualStudioVersion = 10.0.40219.1
Project("{FAE04EC0-301F-11D3-BF4B-00C04F79EFBC}") = "KcfMonitoringSystem.WebApi", "KcfMonitoringSystem.WebApi\KcfMonitoringSystem.WebApi.csproj", "{90A6F863-3D45-46F2-959C-22300C74B245}"
EndProject
Project("{FAE04EC0-301F-11D3-BF4B-00C04F79EFBC}") = "KcfMonitoringSystem.Infrastructure", "KcfMonitoringSystem.Infrastructure\KcfMonitoringSystem.Infrastructure.csproj", "{72DCE93A-5A2A-4908-82EB-B98CB3B3B609}"
EndProject
Project("{FAE04EC0-301F-11D3-BF4B-00C04F79EFBC}") = "KcfMonitoringSystem.Domain", "KcfMonitoringSystem.Domain\KcfMonitoringSystem.Domain.csproj", "{C9FC0869-8C30-435B-93DF-96F33059A714}"
EndProject
Project("{FAE04EC0-301F-11D3-BF4B-00C04F79EFBC}") = "KcfMonitoringSystem.Application", "KcfMonitoringSystem.Application\KcfMonitoringSystem.Application.csproj", "{09F0E389-04D2-420F-9507-9F26815085E0}"
EndProject
Project("{FAE04EC0-301F-11D3-BF4B-00C04F79EFBC}") = "KcfMonitoringSystem.Worker", "KcfMonitoringSystem.Worker\KcfMonitoringSystem.Worker.csproj", "{D51CA03B-2623-4CA7-8CC7-8909AEF96F4C}"
EndProject
Global
	GlobalSection(SolutionConfigurationPlatforms) = preSolution
		Debug|Any CPU = Debug|Any CPU
		Debug|x64 = Debug|x64
		Debug|x86 = Debug|x86
		Release|Any CPU = Release|Any CPU
		Release|x64 = Release|x64
		Release|x86 = Release|x86
	EndGlobalSection
	GlobalSection(ProjectConfigurationPlatforms) = postSolution
		{90A6F863-3D45-46F2-959C-22300C74B245}.Debug|Any CPU.ActiveCfg = Debug|Any CPU
		{90A6F863-3D45-46F2-959C-22300C74B245}.Debug|Any CPU.Build.0 = Debug|Any CPU
		{90A6F863-3D45-46F2-959C-22300C74B245}.Debug|x64.ActiveCfg = Debug|Any CPU
		{90A6F863-3D45-46F2-959C-22300C74B245}.Debug|x64.Build.0 = Debug|Any CPU
		{90A6F863-3D45-46F2-959C-22300C74B245}.Debug|x86.ActiveCfg = Debug|Any CPU
		{90A6F863-3D45-46F2-959C-22300C74B245}.Debug|x86.Build.0 = Debug|Any CPU
		{90A6F863-3D45-46F2-959C-22300C74B245}.Release|Any CPU.ActiveCfg = Release|Any CPU
		{90A6F863-3D45-46F2-959C-22300C74B245}.Release|Any CPU.Build.0 = Release|Any CPU
		{90A6F863-3D45-46F2-959C-22300C74B245}.Release|x64.ActiveCfg = Release|Any CPU
		{90A6F863-3D45-46F2-959C-22300C74B245}.Release|x64.Build.0 = Release|Any CPU
		{90A6F863-3D45-46F2-959C-22300C74B245}.Release|x86.ActiveCfg = Release|Any CPU
		{90A6F863-3D45-46F2-959C-22300C74B245}.Release|x86.Build.0 = Release|Any CPU
		{72DCE93A-5A2A-4908-82EB-B98CB3B3B609}.Debug|Any CPU.ActiveCfg = Debug|Any CPU
		{72DCE93A-5A2A-4908-82EB-B98CB3B3B609}.Debug|Any CPU.Build.0 = Debug|Any CPU
		{72DCE93A-5A2A-4908-82EB-B98CB3B3B609}.Debug|x64.ActiveCfg = Debug|Any CPU
		{72DCE93A-5A2A-4908-82EB-B98CB3B3B609}.Debug|x64.Build.0 = Debug|Any CPU
		{72DCE93A-5A2A-4908-82EB-B98CB3B3B609}.Debug|x86.ActiveCfg = Debug|Any CPU
		{72DCE93A-5A2A-4908-82EB-B98CB3B3B609}.Debug|x86.Build.0 = Debug|Any CPU
		{72DCE93A-5A2A-4908-82EB-B98CB3B3B609}.Release|Any CPU.ActiveCfg = Release|Any CPU
		{72DCE93A-5A2A-4908-82EB-B98CB3B3B609}.Release|Any CPU.Build.0 = Release|Any CPU
		{72DCE93A-5A2A-4908-82EB-B98CB3B3B609}.Release|x64.ActiveCfg = Release|Any CPU
		{72DCE93A-5A2A-4908-82EB-B98CB3B3B609}.Release|x64.Build.0 = Release|Any CPU
		{72DCE93A-5A2A-4908-82EB-B98CB3B3B609}.Release|x86.ActiveCfg = Release|Any CPU
		{72DCE93A-5A2A-4908-82EB-B98CB3B3B609}.Release|x86.Build.0 = Release|Any CPU
		{C9FC0869-8C30-435B-93DF-96F33059A714}.Debug|Any CPU.ActiveCfg = Debug|Any CPU
		{C9FC0869-8C30-435B-93DF-96F33059A714}.Debug|Any CPU.Build.0 = Debug|Any CPU
		{C9FC0869-8C30-435B-93DF-96F33059A714}.Debug|x64.ActiveCfg = Debug|Any CPU
		{C9FC0869-8C30-435B-93DF-96F33059A714}.Debug|x64.Build.0 = Debug|Any CPU
		{C9FC0869-8C30-435B-93DF-96F33059A714}.Debug|x86.ActiveCfg = Debug|Any CPU
		{C9FC0869-8C30-435B-93DF-96F33059A714}.Debug|x86.Build.0 = Debug|Any CPU
		{C9FC0869-8C30-435B-93DF-96F33059A714}.Release|Any CPU.ActiveCfg = Release|Any CPU
		{C9FC0869-8C30-435B-93DF-96F33059A714}.Release|Any CPU.Build.0 = Release|Any CPU
		{C9FC0869-8C30-435B-93DF-96F33059A714}.Release|x64.ActiveCfg = Release|Any CPU
		{C9FC0869-8C30-435B-93DF-96F33059A714}.Release|x64.Build.0 = Release|Any CPU
		{C9FC0869-8C30-435B-93DF-96F33059A714}.Release|x86.ActiveCfg = Release|Any CPU
		{C9FC0869-8C30-435B-93DF-96F33059A714}.Release|x86.Build.0 = Release|Any CPU
		{09F0E389-04D2-420F-9507-9F26815085E0}.Debug|Any CPU.ActiveCfg = Debug|Any CPU
		{09F0E389-04D2-420F-9507-9F26815085E0}.Debug|Any CPU.Build.0 = Debug|Any CPU
		{09F0E389-04D2-420F-9507-9F26815085E0}.Debug|x64.ActiveCfg = Debug|Any CPU
		{09F0E389-04D2-420F-9507-9F26815085E0}.Debug|x64.Build.0 = Debug|Any CPU
		{09F0E389-04D2-420F-9507-9F26815085E0}.Debug|x86.ActiveCfg = Debug|Any CPU
		{09F0E389-04D2-420F-9507-9F26815085E0}.Debug|x86.Build.0 = Debug|Any CPU
		{09F0E389-04D2-420F-9507-9F26815085E0}.Release|Any CPU.ActiveCfg = Release|Any CPU
		{09F0E389-04D2-420F-9507-9F26815085E0}.Release|Any CPU.Build.0 = Release|Any CPU
		{09F0E389-04D2-420F-9507-9F26815085E0}.Release|x64.ActiveCfg = Release|Any CPU
		{09F0E389-04D2-420F-9507-9F26815085E0}.Release|x64.Build.0 = Release|Any CPU
		{09F0E389-04D2-420F-9507-9F26815085E0}.Release|x86.ActiveCfg = Release|Any CPU
		{09F0E389-04D2-420F-9507-9F26815085E0}.Release|x86.Build.0 = Release|Any CPU
		{D51CA03B-2623-4CA7-8CC7-8909AEF96F4C}.Debug|Any CPU.ActiveCfg = Debug|Any CPU
		{D51CA03B-2623-4CA7-8CC7-8909AEF96F4C}.Debug|Any CPU.Build.0 = Debug|Any CPU
		{D51CA03B-2623-4CA7-8CC7-8909AEF96F4C}.Debug|x64.ActiveCfg = Debug|Any CPU
		{D51CA03B-2623-4CA7-8CC7-8909AEF96F4C}.Debug|x64.Build.0 = Debug|Any CPU
		{D51CA03B-2623-4CA7-8CC7-8909AEF96F4C}.Debug|x86.ActiveCfg = Debug|Any CPU
		{D51CA03B-2623-4CA7-8CC7-8909AEF96F4C}.Debug|x86.Build.0 = Debug|Any CPU
		{D51CA03B-2623-4CA7-8CC7-8909AEF96F4C}.Release|Any CPU.ActiveCfg = Release|Any CPU
		{D51CA03B-2623-4CA7-8CC7-8909AEF96F4C}.Release|Any CPU.Build.0 = Release|Any CPU
		{D51CA03B-2623-4CA7-8CC7-8909AEF96F4C}.Release|x64.ActiveCfg = Release|Any CPU
		{D51CA03B-2623-4CA7-8CC7-8909AEF96F4C}.Release|x64.Build.0 = Release|Any CPU
		{D51CA03B-2623-4CA7-8CC7-8909AEF96F4C}.Release|x86.ActiveCfg = Release|Any CPU
		{D51CA03B-2623-4CA7-8CC7-8909AEF96F4C}.Release|x86.Build.0 = Release|Any CPU
	EndGlobalSection
	GlobalSection(SolutionProperties) = preSolution
		HideSolutionNode = FALSE
	EndGlobalSection
EndGlobal
